
Microsoft Visual Studio Solution File, Format Version 12.00
# Visual Studio Version 17
VisualStudioVersion = 17.8.34525.116
MinimumVisualStudioVersion = 10.0.40219.1
Project("{8BC9CEB8-8B4A-11D0-8D11-00A0C91BC942}") = "KafraPacketSeeker", "KafraPacketSeeker\KafraPacketSeeker.vcxproj", "{3681DD10-F9C0-43CF-8993-7E6BF2E1C765}"
EndProject
Global
	GlobalSection(SolutionConfigurationPlatforms) = preSolution
		Release|Win32 = Release|Win32
	EndGlobalSection
	GlobalSection(ProjectConfigurationPlatforms) = postSolution
		{3681DD10-F9C0-43CF-8993-7E6BF2E1C765}.Release|Win32.ActiveCfg = Release|Win32
		{3681DD10-F9C0-43CF-8993-7E6BF2E1C765}.Release|Win32.Build.0 = Release|Win32
	EndGlobalSection
	GlobalSection(SolutionProperties) = preSolution
		HideSolutionNode = FALSE
	EndGlobalSection
	GlobalSection(ExtensibilityGlobals) = postSolution
		SolutionGuid = {605AD36A-A7E8-4BA6-9033-7404F77CCF26}
	EndGlobalSection
EndGlobal
